{
  "version": 4,
  "terraform_version": "1.3.1",
  "serial": 4,
  "lineage": "73c05336-b8f4-1080-2091-c99fb7b45a13",
  "outputs": {},
  "resources": [
    {
      "mode": "data",
      "type": "azurerm_subscription",
      "name": "current",
      "provider": "provider[\"registry.terraform.io/hashicorp/azurerm\"]",
      "instances": [
        {
          "schema_version": 0,
          "attributes": {
            "display_name": "bootstrap-tfstate",
            "id": "/subscriptions/8eba36d1-77ed-4614-9d23-ec86131e8315",
            "location_placement_id": "PublicAndIndia_2015-09-01",
            "quota_id": "PayAsYouGo_2014-09-01",
            "spending_limit": "Off",
            "state": "Enabled",
            "subscription_id": "8eba36d1-77ed-4614-9d23-ec86131e8315",
            "tags": {},
            "tenant_id": "fbae0f56-f901-41f2-8431-00d5dc38b1f4",
            "timeouts": null
          },
          "sensitive_attributes": []
        }
      ]
    },
    {
      "mode": "managed",
      "type": "azurerm_management_group",
      "name": "bootstrap",
      "provider": "provider[\"registry.terraform.io/hashicorp/azurerm\"]",
      "instances": [
        {
          "schema_version": 0,
          "attributes": {
            "display_name": "mg-bootstrap",
            "id": "/providers/Microsoft.Management/managementGroups/2219a305-600a-4ff6-9674-43430cf032f8",
            "name": "2219a305-600a-4ff6-9674-43430cf032f8",
            "parent_management_group_id": "/providers/Microsoft.Management/managementGroups/fbae0f56-f901-41f2-8431-00d5dc38b1f4",
            "subscription_ids": [
              "8eba36d1-77ed-4614-9d23-ec86131e8315"
            ],
            "timeouts": null
          },
          "sensitive_attributes": [],
          "private": "eyJlMmJmYjczMC1lY2FhLTExZTYtOGY4OC0zNDM2M2JjN2M0YzAiOnsiY3JlYXRlIjoxODAwMDAwMDAwMDAwLCJkZWxldGUiOjE4MDAwMDAwMDAwMDAsInJlYWQiOjMwMDAwMDAwMDAwMCwidXBkYXRlIjoxODAwMDAwMDAwMDAwfX0=",
          "dependencies": [
            "data.azurerm_subscription.current"
          ]
        }
      ]
    },
    {
      "mode": "managed",
      "type": "azurerm_subscription",
      "name": "tfstate",
      "provider": "provider[\"registry.terraform.io/hashicorp/azurerm\"]",
      "instances": [
        {
          "schema_version": 0,
          "attributes": {
            "alias": "bootstrap-tfstate",
            "billing_scope_id": null,
            "id": "/providers/Microsoft.Subscription/aliases/bootstrap-tfstate",
            "subscription_id": "8eba36d1-77ed-4614-9d23-ec86131e8315",
            "subscription_name": "bootstrap-tfstate",
            "tags": {},
            "tenant_id": "fbae0f56-f901-41f2-8431-00d5dc38b1f4",
            "timeouts": null,
            "workload": null
          },
          "sensitive_attributes": [],
          "private": "eyJlMmJmYjczMC1lY2FhLTExZTYtOGY4OC0zNDM2M2JjN2M0YzAiOnsiY3JlYXRlIjoxODAwMDAwMDAwMDAwLCJkZWxldGUiOjE4MDAwMDAwMDAwMDAsInJlYWQiOjMwMDAwMDAwMDAwMCwidXBkYXRlIjoxODAwMDAwMDAwMDAwfSwic2NoZW1hX3ZlcnNpb24iOiIwIn0="
        }
      ]
    }
  ],
  "check_results": null
}
